
Microsoft Visual Studio Solution File, Format Version 12.00
# Visual Studio Version 16
VisualStudioVersion = 16.0.29009.5
MinimumVisualStudioVersion = 10.0.40219.1
Project("{2150E333-8FDC-42A3-9474-1A3956D46DE8}") = "Domain", "Domain", "{5AB90589-D86D-4EED-B414-2E0EBBF37287}"
EndProject
Project("{FAE04EC0-301F-11D3-BF4B-00C04F79EFBC}") = "Domain", "Domain\Domain.csproj", "{549A305A-9AE5-4D12-9C74-E49601FE5AF9}"
EndProject
Project("{2150E333-8FDC-42A3-9474-1A3956D46DE8}") = "DAL", "DAL", "{38867C4B-19D9-405D-9202-B884D74C69D8}"
EndProject
Project("{FAE04EC0-301F-11D3-BF4B-00C04F79EFBC}") = "DAL", "DAL\DAL.csproj", "{EF89E423-786B-48B0-9C9B-91734E9CF727}"
EndProject
Project("{2150E333-8FDC-42A3-9474-1A3956D46DE8}") = "Application", "Application", "{64104582-6299-4DD6-9126-A881A3B4768E}"
EndProject
Project("{FAE04EC0-301F-11D3-BF4B-00C04F79EFBC}") = "Application", "Application\Application.csproj", "{F99F29D1-AD14-42DA-8E90-1277B5961A08}"
EndProject
Project("{2150E333-8FDC-42A3-9474-1A3956D46DE8}") = "Infra", "Infra", "{C56C98D1-3B0F-428C-800D-103786B35B33}"
EndProject
Project("{FAE04EC0-301F-11D3-BF4B-00C04F79EFBC}") = "CrossCutting.IoC", "CrossCutting.IoC\CrossCutting.IoC.csproj", "{F2362CAF-3872-42F4-AE1E-2F370895EDFF}"
EndProject
Project("{2150E333-8FDC-42A3-9474-1A3956D46DE8}") = "UI", "UI", "{711003C7-87DC-46CC-92F9-4947EC57E976}"
EndProject
Project("{FAE04EC0-301F-11D3-BF4B-00C04F79EFBC}") = "PrevisaoTempo", "UI\PrevisaoTempo\PrevisaoTempo.csproj", "{42DC9C09-6F4F-46DB-830A-DC1B142BF5BE}"
EndProject
Project("{2150E333-8FDC-42A3-9474-1A3956D46DE8}") = "Services", "Services", "{E636BA7A-C48D-4F8A-A7CE-4F667AD03084}"
EndProject
Project("{FAE04EC0-301F-11D3-BF4B-00C04F79EFBC}") = "Previsao.Api", "Previsao.Api\Previsao.Api.csproj", "{476FA7A4-B331-4950-8D8D-13723DA65FA1}"
EndProject
Global
	GlobalSection(SolutionConfigurationPlatforms) = preSolution
		Debug|Any CPU = Debug|Any CPU
		Release|Any CPU = Release|Any CPU
	EndGlobalSection
	GlobalSection(ProjectConfigurationPlatforms) = postSolution
		{549A305A-9AE5-4D12-9C74-E49601FE5AF9}.Debug|Any CPU.ActiveCfg = Debug|Any CPU
		{549A305A-9AE5-4D12-9C74-E49601FE5AF9}.Debug|Any CPU.Build.0 = Debug|Any CPU
		{549A305A-9AE5-4D12-9C74-E49601FE5AF9}.Release|Any CPU.ActiveCfg = Release|Any CPU
		{549A305A-9AE5-4D12-9C74-E49601FE5AF9}.Release|Any CPU.Build.0 = Release|Any CPU
		{EF89E423-786B-48B0-9C9B-91734E9CF727}.Debug|Any CPU.ActiveCfg = Debug|Any CPU
		{EF89E423-786B-48B0-9C9B-91734E9CF727}.Debug|Any CPU.Build.0 = Debug|Any CPU
		{EF89E423-786B-48B0-9C9B-91734E9CF727}.Release|Any CPU.ActiveCfg = Release|Any CPU
		{EF89E423-786B-48B0-9C9B-91734E9CF727}.Release|Any CPU.Build.0 = Release|Any CPU
		{F99F29D1-AD14-42DA-8E90-1277B5961A08}.Debug|Any CPU.ActiveCfg = Debug|Any CPU
		{F99F29D1-AD14-42DA-8E90-1277B5961A08}.Debug|Any CPU.Build.0 = Debug|Any CPU
		{F99F29D1-AD14-42DA-8E90-1277B5961A08}.Release|Any CPU.ActiveCfg = Release|Any CPU
		{F99F29D1-AD14-42DA-8E90-1277B5961A08}.Release|Any CPU.Build.0 = Release|Any CPU
		{F2362CAF-3872-42F4-AE1E-2F370895EDFF}.Debug|Any CPU.ActiveCfg = Debug|Any CPU
		{F2362CAF-3872-42F4-AE1E-2F370895EDFF}.Debug|Any CPU.Build.0 = Debug|Any CPU
		{F2362CAF-3872-42F4-AE1E-2F370895EDFF}.Release|Any CPU.ActiveCfg = Release|Any CPU
		{F2362CAF-3872-42F4-AE1E-2F370895EDFF}.Release|Any CPU.Build.0 = Release|Any CPU
		{42DC9C09-6F4F-46DB-830A-DC1B142BF5BE}.Debug|Any CPU.ActiveCfg = Debug|Any CPU
		{42DC9C09-6F4F-46DB-830A-DC1B142BF5BE}.Debug|Any CPU.Build.0 = Debug|Any CPU
		{42DC9C09-6F4F-46DB-830A-DC1B142BF5BE}.Release|Any CPU.ActiveCfg = Release|Any CPU
		{42DC9C09-6F4F-46DB-830A-DC1B142BF5BE}.Release|Any CPU.Build.0 = Release|Any CPU
		{476FA7A4-B331-4950-8D8D-13723DA65FA1}.Debug|Any CPU.ActiveCfg = Debug|Any CPU
		{476FA7A4-B331-4950-8D8D-13723DA65FA1}.Debug|Any CPU.Build.0 = Debug|Any CPU
		{476FA7A4-B331-4950-8D8D-13723DA65FA1}.Release|Any CPU.ActiveCfg = Release|Any CPU
		{476FA7A4-B331-4950-8D8D-13723DA65FA1}.Release|Any CPU.Build.0 = Release|Any CPU
	EndGlobalSection
	GlobalSection(SolutionProperties) = preSolution
		HideSolutionNode = FALSE
	EndGlobalSection
	GlobalSection(NestedProjects) = preSolution
		{549A305A-9AE5-4D12-9C74-E49601FE5AF9} = {5AB90589-D86D-4EED-B414-2E0EBBF37287}
		{EF89E423-786B-48B0-9C9B-91734E9CF727} = {38867C4B-19D9-405D-9202-B884D74C69D8}
		{F99F29D1-AD14-42DA-8E90-1277B5961A08} = {64104582-6299-4DD6-9126-A881A3B4768E}
		{F2362CAF-3872-42F4-AE1E-2F370895EDFF} = {C56C98D1-3B0F-428C-800D-103786B35B33}
		{42DC9C09-6F4F-46DB-830A-DC1B142BF5BE} = {711003C7-87DC-46CC-92F9-4947EC57E976}
		{476FA7A4-B331-4950-8D8D-13723DA65FA1} = {E636BA7A-C48D-4F8A-A7CE-4F667AD03084}
	EndGlobalSection
	GlobalSection(ExtensibilityGlobals) = postSolution
		SolutionGuid = {E7479757-BBD1-4BBD-9715-74319B230131}
	EndGlobalSection
EndGlobal
